
Microsoft Visual Studio Solution File, Format Version 12.00
# Visual Studio 2012
Project("{FAE04EC0-301F-11D3-BF4B-00C04F79EFBC}") = "MediaBrowser.Plugins.AniDB", "MediaBrowser.Plugins.AniDB\MediaBrowser.Plugins.AniDB.csproj", "{F68223A5-EE1E-444C-89F9-14092AAB987D}"
EndProject
Project("{FAE04EC0-301F-11D3-BF4B-00C04F79EFBC}") = "MediaBrowser.Plugins.AniDB.Tests", "MediaBrowser.Plugins.AniDB.Tests\MediaBrowser.Plugins.AniDB.Tests.csproj", "{96568724-B901-4805-9B16-7BDD5142124B}"
EndProject
Global
	GlobalSection(SolutionConfigurationPlatforms) = preSolution
		Debug|Any CPU = Debug|Any CPU
		Release|Any CPU = Release|Any CPU
	EndGlobalSection
	GlobalSection(ProjectConfigurationPlatforms) = postSolution
		{F68223A5-EE1E-444C-89F9-14092AAB987D}.Debug|Any CPU.ActiveCfg = Debug|Any CPU
		{F68223A5-EE1E-444C-89F9-14092AAB987D}.Debug|Any CPU.Build.0 = Debug|Any CPU
		{F68223A5-EE1E-444C-89F9-14092AAB987D}.Release|Any CPU.ActiveCfg = Release|Any CPU
		{F68223A5-EE1E-444C-89F9-14092AAB987D}.Release|Any CPU.Build.0 = Release|Any CPU
		{96568724-B901-4805-9B16-7BDD5142124B}.Debug|Any CPU.ActiveCfg = Debug|Any CPU
		{96568724-B901-4805-9B16-7BDD5142124B}.Debug|Any CPU.Build.0 = Debug|Any CPU
		{96568724-B901-4805-9B16-7BDD5142124B}.Release|Any CPU.ActiveCfg = Release|Any CPU
		{96568724-B901-4805-9B16-7BDD5142124B}.Release|Any CPU.Build.0 = Release|Any CPU
	EndGlobalSection
	GlobalSection(SolutionProperties) = preSolution
		HideSolutionNode = FALSE
	EndGlobalSection
EndGlobal
